// !$*UTF8*$!
{
	archiveVersion = 1;
	classes = {
	};
	objectVersion = 50;
	objects = {

/* Begin PBXBuildFile section */
		3E25714B23E8AA4200B46A4C /* AppDelegate.swift in Sources */ = {isa = PBXBuildFile; fileRef = 3E25714A23E8AA4200B46A4C /* AppDelegate.swift */; };
		3E25714D23E8AA4200B46A4C /* SceneDelegate.swift in Sources */ = {isa = PBXBuildFile; fileRef = 3E25714C23E8AA4200B46A4C /* SceneDelegate.swift */; };
		3E25715223E8AA4200B46A4C /* Main.storyboard in Resources */ = {isa = PBXBuildFile; fileRef = 3E25715023E8AA4200B46A4C /* Main.storyboard */; };
		3E25715423E8AA4600B46A4C /* Assets.xcassets in Resources */ = {isa = PBXBuildFile; fileRef = 3E25715323E8AA4600B46A4C /* Assets.xcassets */; };
		3E25715723E8AA4600B46A4C /* LaunchScreen.storyboard in Resources */ = {isa = PBXBuildFile; fileRef = 3E25715523E8AA4600B46A4C /* LaunchScreen.storyboard */; };
		3E25716123E9D52200B46A4C /* Entry.swift in Sources */ = {isa = PBXBuildFile; fileRef = 3E25716023E9D52200B46A4C /* Entry.swift */; };
		3E25716423E9E99E00B46A4C /* EntryController.swift in Sources */ = {isa = PBXBuildFile; fileRef = 3E25716323E9E99E00B46A4C /* EntryController.swift */; };
/* End PBXBuildFile section */

/* Begin PBXFileReference section */
		3E25714723E8AA4200B46A4C /* NotificationPatternsJournal.app */ = {isa = PBXFileReference; explicitFileType = wrapper.application; includeInIndex = 0; path = NotificationPatternsJournal.app; sourceTree = BUILT_PRODUCTS_DIR; };
		3E25714A23E8AA4200B46A4C /* AppDelegate.swift */ = {isa = PBXFileReference; lastKnownFileType = sourcecode.swift; path = AppDelegate.swift; sourceTree = "<group>"; };
		3E25714C23E8AA4200B46A4C /* SceneDelegate.swift */ = {isa = PBXFileReference; lastKnownFileType = sourcecode.swift; path = SceneDelegate.swift; sourceTree = "<group>"; };
		3E25715123E8AA4200B46A4C /* Base */ = {isa = PBXFileReference; lastKnownFileType = file.storyboard; name = Base; path = Base.lproj/Main.storyboard; sourceTree = "<group>"; };
		3E25715323E8AA4600B46A4C /* Assets.xcassets */ = {isa = PBXFileReference; lastKnownFileType = folder.assetcatalog; path = Assets.xcassets; sourceTree = "<group>"; };
		3E25715623E8AA4600B46A4C /* Base */ = {isa = PBXFileReference; lastKnownFileType = file.storyboard; name = Base; path = Base.lproj/LaunchScreen.storyboard; sourceTree = "<group>"; };
		3E25715823E8AA4600B46A4C /* Info.plist */ = {isa = PBXFileReference; lastKnownFileType = text.plist.xml; path = Info.plist; sourceTree = "<group>"; };
		3E25716023E9D52200B46A4C /* Entry.swift */ = {isa = PBXFileReference; lastKnownFileType = sourcecode.swift; path = Entry.swift; sourceTree = "<group>"; };
		3E25716323E9E99E00B46A4C /* EntryController.swift */ = {isa = PBXFileReference; lastKnownFileType = sourcecode.swift; path = EntryController.swift; sourceTree = "<group>"; };
/* End PBXFileReference section */

/* Begin PBXFrameworksBuildPhase section */
		3E25714423E8AA4200B46A4C /* Frameworks */ = {
			isa = PBXFrameworksBuildPhase;
			buildActionMask = 2147483647;
			files = (
			);
			runOnlyForDeploymentPostprocessing = 0;
		};
/* End PBXFrameworksBuildPhase section */

/* Begin PBXGroup section */
		3E040E9323EA0BD4000CC230 /* Model Controlles */ = {
			isa = PBXGroup;
			children = (
				3E25716323E9E99E00B46A4C /* EntryController.swift */,
			);
			path = "Model Controlles";
			sourceTree = "<group>";
		};
		3E040E9423EA0BDE000CC230 /* ViewControllers */ = {
			isa = PBXGroup;
			children = (
				3E040E9923EA175A000CC230 /* SubViews */,
			);
			path = ViewControllers;
			sourceTree = "<group>";
		};
		3E040E9923EA175A000CC230 /* SubViews */ = {
			isa = PBXGroup;
			children = (
			);
			path = SubViews;
			sourceTree = "<group>";
		};
		3E25713E23E8AA4200B46A4C = {
			isa = PBXGroup;
			children = (
				3E25714923E8AA4200B46A4C /* HappinessCalculator */,
				3E25714823E8AA4200B46A4C /* Products */,
			);
			sourceTree = "<group>";
		};
		3E25714823E8AA4200B46A4C /* Products */ = {
			isa = PBXGroup;
			children = (
				3E25714723E8AA4200B46A4C /* NotificationPatternsJournal.app */,
			);
			name = Products;
			sourceTree = "<group>";
		};
		3E25714923E8AA4200B46A4C /* HappinessCalculator */ = {
			isa = PBXGroup;
			children = (
				3E25716223E9E99100B46A4C /* Controllers */,
				3E25715F23E9D51100B46A4C /* Models */,
				3E9D639023EE1CD300D1ECA9 /* Views */,
				3E25715E23E9D36800B46A4C /* Resources */,
			);
			path = HappinessCalculator;
			sourceTree = "<group>";
		};
		3E25715E23E9D36800B46A4C /* Resources */ = {
			isa = PBXGroup;
			children = (
				3E25714A23E8AA4200B46A4C /* AppDelegate.swift */,
				3E25714C23E8AA4200B46A4C /* SceneDelegate.swift */,
				3E25715323E8AA4600B46A4C /* Assets.xcassets */,
				3E25715523E8AA4600B46A4C /* LaunchScreen.storyboard */,
				3E25715823E8AA4600B46A4C /* Info.plist */,
			);
			path = Resources;
			sourceTree = "<group>";
		};
		3E25715F23E9D51100B46A4C /* Models */ = {
			isa = PBXGroup;
			children = (
				3E25716023E9D52200B46A4C /* Entry.swift */,
			);
			path = Models;
			sourceTree = "<group>";
		};
		3E25716223E9E99100B46A4C /* Controllers */ = {
			isa = PBXGroup;
			children = (
				3E040E9423EA0BDE000CC230 /* ViewControllers */,
				3E040E9323EA0BD4000CC230 /* Model Controlles */,
			);
			path = Controllers;
			sourceTree = "<group>";
		};
		3E9D639023EE1CD300D1ECA9 /* Views */ = {
			isa = PBXGroup;
			children = (
				3E25715023E8AA4200B46A4C /* Main.storyboard */,
			);
			path = Views;
			sourceTree = "<group>";
		};
/* End PBXGroup section */

/* Begin PBXNativeTarget section */
		3E25714623E8AA4200B46A4C /* NotificationPatternsJournal */ = {
			isa = PBXNativeTarget;
			buildConfigurationList = 3E25715B23E8AA4600B46A4C /* Build configuration list for PBXNativeTarget "NotificationPatternsJournal" */;
			buildPhases = (
				3E25714323E8AA4200B46A4C /* Sources */,
				3E25714423E8AA4200B46A4C /* Frameworks */,
				3E25714523E8AA4200B46A4C /* Resources */,
			);
			buildRules = (
			);
			dependencies = (
			);
			name = NotificationPatternsJournal;
			productName = NotificationPatternsJournal;
			productReference = 3E25714723E8AA4200B46A4C /* NotificationPatternsJournal.app */;
			productType = "com.apple.product-type.application";
		};
/* End PBXNativeTarget section */

/* Begin PBXProject section */
		3E25713F23E8AA4200B46A4C /* Project object */ = {
			isa = PBXProject;
			attributes = {
				LastSwiftUpdateCheck = 1130;
				LastUpgradeCheck = 1130;
				ORGANIZATIONNAME = "Trevor Walker";
				TargetAttributes = {
					3E25714623E8AA4200B46A4C = {
						CreatedOnToolsVersion = 11.3.1;
					};
				};
			};
			buildConfigurationList = 3E25714223E8AA4200B46A4C /* Build configuration list for PBXProject "HappinessCalculator" */;
			compatibilityVersion = "Xcode 9.3";
			developmentRegion = en;
			hasScannedForEncodings = 0;
			knownRegions = (
				en,
				Base,
			);
			mainGroup = 3E25713E23E8AA4200B46A4C;
			productRefGroup = 3E25714823E8AA4200B46A4C /* Products */;
			projectDirPath = "";
			projectRoot = "";
			targets = (
				3E25714623E8AA4200B46A4C /* NotificationPatternsJournal */,
			);
		};
/* End PBXProject section */

/* Begin PBXResourcesBuildPhase section */
		3E25714523E8AA4200B46A4C /* Resources */ = {
			isa = PBXResourcesBuildPhase;
			buildActionMask = 2147483647;
			files = (
				3E25715723E8AA4600B46A4C /* LaunchScreen.storyboard in Resources */,
				3E25715423E8AA4600B46A4C /* Assets.xcassets in Resources */,
				3E25715223E8AA4200B46A4C /* Main.storyboard in Resources */,
			);
			runOnlyForDeploymentPostprocessing = 0;
		};
/* End PBXResourcesBuildPhase section */

/* Begin PBXSourcesBuildPhase section */
		3E25714323E8AA4200B46A4C /* Sources */ = {
			isa = PBXSourcesBuildPhase;
			buildActionMask = 2147483647;
			files = (
				3E25716123E9D52200B46A4C /* Entry.swift in Sources */,
				3E25714B23E8AA4200B46A4C /* AppDelegate.swift in Sources */,
				3E25716423E9E99E00B46A4C /* EntryController.swift in Sources */,
				3E25714D23E8AA4200B46A4C /* SceneDelegate.swift in Sources */,
			);
			runOnlyForDeploymentPostprocessing = 0;
		};
/* End PBXSourcesBuildPhase section */

/* Begin PBXVariantGroup section */
		3E25715023E8AA4200B46A4C /* Main.storyboard */ = {
			isa = PBXVariantGroup;
			children = (
				3E25715123E8AA4200B46A4C /* Base */,
			);
			name = Main.storyboard;
			sourceTree = "<group>";
		};
		3E25715523E8AA4600B46A4C /* LaunchScreen.storyboard */ = {
			isa = PBXVariantGroup;
			children = (
				3E25715623E8AA4600B46A4C /* Base */,
			);
			name = LaunchScreen.storyboard;
			sourceTree = "<group>";
		};
/* End PBXVariantGroup section */

/* Begin XCBuildConfiguration section */
		3E25715923E8AA4600B46A4C /* Debug */ = {
			isa = XCBuildConfiguration;
			buildSettings = {
				ALWAYS_SEARCH_USER_PATHS = NO;
				CLANG_ANALYZER_NONNULL = YES;
				CLANG_ANALYZER_NUMBER_OBJECT_CONVERSION = YES_AGGRESSIVE;
				CLANG_CXX_LANGUAGE_STANDARD = "gnu++14";
				CLANG_CXX_LIBRARY = "libc++";
				CLANG_ENABLE_MODULES = YES;
				CLANG_ENABLE_OBJC_ARC = YES;
				CLANG_ENABLE_OBJC_WEAK = YES;
				CLANG_WARN_BLOCK_CAPTURE_AUTORELEASING = YES;
				CLANG_WARN_BOOL_CONVERSION = YES;
				CLANG_WARN_COMMA = YES;
				CLANG_WARN_CONSTANT_CONVERSION = YES;
				CLANG_WARN_DEPRECATED_OBJC_IMPLEMENTATIONS = YES;
				CLANG_WARN_DIRECT_OBJC_ISA_USAGE = YES_ERROR;
				CLANG_WARN_DOCUMENTATION_COMMENTS = YES;
				CLANG_WARN_EMPTY_BODY = YES;
				CLANG_WARN_ENUM_CONVERSION = YES;
				CLANG_WARN_INFINITE_RECURSION = YES;
				CLANG_WARN_INT_CONVERSION = YES;
				CLANG_WARN_NON_LITERAL_NULL_CONVERSION = YES;
				CLANG_WARN_OBJC_IMPLICIT_RETAIN_SELF = YES;
				CLANG_WARN_OBJC_LITERAL_CONVERSION = YES;
				CLANG_WARN_OBJC_ROOT_CLASS = YES_ERROR;
				CLANG_WARN_RANGE_LOOP_ANALYSIS = YES;
				CLANG_WARN_STRICT_PROTOTYPES = YES;
				CLANG_WARN_SUSPICIOUS_MOVE = YES;
				CLANG_WARN_UNGUARDED_AVAILABILITY = YES_AGGRESSIVE;
				CLANG_WARN_UNREACHABLE_CODE = YES;
				CLANG_WARN__DUPLICATE_METHOD_MATCH = YES;
				COPY_PHASE_STRIP = NO;
				DEBUG_INFORMATION_FORMAT = dwarf;
				ENABLE_STRICT_OBJC_MSGSEND = YES;
				ENABLE_TESTABILITY = YES;
				GCC_C_LANGUAGE_STANDARD = gnu11;
				GCC_DYNAMIC_NO_PIC = NO;
				GCC_NO_COMMON_BLOCKS = YES;
				GCC_OPTIMIZATION_LEVEL = 0;
				GCC_PREPROCESSOR_DEFINITIONS = (
					"DEBUG=1",
					"$(inherited)",
				);
				GCC_WARN_64_TO_32_BIT_CONVERSION = YES;
				GCC_WARN_ABOUT_RETURN_TYPE = YES_ERROR;
				GCC_WARN_UNDECLARED_SELECTOR = YES;
				GCC_WARN_UNINITIALIZED_AUTOS = YES_AGGRESSIVE;
				GCC_WARN_UNUSED_FUNCTION = YES;
				GCC_WARN_UNUSED_VARIABLE = YES;
				IPHONEOS_DEPLOYMENT_TARGET = 13.2;
				MTL_ENABLE_DEBUG_INFO = INCLUDE_SOURCE;
				MTL_FAST_MATH = YES;
				ONLY_ACTIVE_ARCH = YES;
				SDKROOT = iphoneos;
				SWIFT_ACTIVE_COMPILATION_CONDITIONS = DEBUG;
				SWIFT_OPTIMIZATION_LEVEL = "-Onone";
			};
			name = Debug;
		};
		3E25715A23E8AA4600B46A4C /* Release */ = {
			isa = XCBuildConfiguration;
			buildSettings = {
				ALWAYS_SEARCH_USER_PATHS = NO;
				CLANG_ANALYZER_NONNULL = YES;
				CLANG_ANALYZER_NUMBER_OBJECT_CONVERSION = YES_AGGRESSIVE;
				CLANG_CXX_LANGUAGE_STANDARD = "gnu++14";
				CLANG_CXX_LIBRARY = "libc++";
				CLANG_ENABLE_MODULES = YES;
				CLANG_ENABLE_OBJC_ARC = YES;
				CLANG_ENABLE_OBJC_WEAK = YES;
				CLANG_WARN_BLOCK_CAPTURE_AUTORELEASING = YES;
				CLANG_WARN_BOOL_CONVERSION = YES;
				CLANG_WARN_COMMA = YES;
				CLANG_WARN_CONSTANT_CONVERSION = YES;
				CLANG_WARN_DEPRECATED_OBJC_IMPLEMENTATIONS = YES;
				CLANG_WARN_DIRECT_OBJC_ISA_USAGE = YES_ERROR;
				CLANG_WARN_DOCUMENTATION_COMMENTS = YES;
				CLANG_WARN_EMPTY_BODY = YES;
				CLANG_WARN_ENUM_CONVERSION = YES;
				CLANG_WARN_INFINITE_RECURSION = YES;
				CLANG_WARN_INT_CONVERSION = YES;
				CLANG_WARN_NON_LITERAL_NULL_CONVERSION = YES;
				CLANG_WARN_OBJC_IMPLICIT_RETAIN_SELF = YES;
				CLANG_WARN_OBJC_LITERAL_CONVERSION = YES;
				CLANG_WARN_OBJC_ROOT_CLASS = YES_ERROR;
				CLANG_WARN_RANGE_LOOP_ANALYSIS = YES;
				CLANG_WARN_STRICT_PROTOTYPES = YES;
				CLANG_WARN_SUSPICIOUS_MOVE = YES;
				CLANG_WARN_UNGUARDED_AVAILABILITY = YES_AGGRESSIVE;
				CLANG_WARN_UNREACHABLE_CODE = YES;
				CLANG_WARN__DUPLICATE_METHOD_MATCH = YES;
				COPY_PHASE_STRIP = NO;
				DEBUG_INFORMATION_FORMAT = "dwarf-with-dsym";
				ENABLE_NS_ASSERTIONS = NO;
				ENABLE_STRICT_OBJC_MSGSEND = YES;
				GCC_C_LANGUAGE_STANDARD = gnu11;
				GCC_NO_COMMON_BLOCKS = YES;
				GCC_WARN_64_TO_32_BIT_CONVERSION = YES;
				GCC_WARN_ABOUT_RETURN_TYPE = YES_ERROR;
				GCC_WARN_UNDECLARED_SELECTOR = YES;
				GCC_WARN_UNINITIALIZED_AUTOS = YES_AGGRESSIVE;
				GCC_WARN_UNUSED_FUNCTION = YES;
				GCC_WARN_UNUSED_VARIABLE = YES;
				IPHONEOS_DEPLOYMENT_TARGET = 13.2;
				MTL_ENABLE_DEBUG_INFO = NO;
				MTL_FAST_MATH = YES;
				SDKROOT = iphoneos;
				SWIFT_COMPILATION_MODE = wholemodule;
				SWIFT_OPTIMIZATION_LEVEL = "-O";
				VALIDATE_PRODUCT = YES;
			};
			name = Release;
		};
		3E25715C23E8AA4600B46A4C /* Debug */ = {
			isa = XCBuildConfiguration;
			buildSettings = {
				CODE_SIGN_STYLE = Automatic;
				DEVELOPMENT_TEAM = UCL5625TDG;
				INFOPLIST_FILE = "$(SRCROOT)/HappinessCalculator/Resources/Info.plist";
				LD_RUNPATH_SEARCH_PATHS = (
					"$(inherited)",
					"@executable_path/Frameworks",
				);
				PRODUCT_BUNDLE_IDENTIFIER = com.TrevorWalker.NotificationPatternsJournal;
				PRODUCT_NAME = "$(TARGET_NAME)";
				SWIFT_VERSION = 5.0;
				TARGETED_DEVICE_FAMILY = "1,2";
			};
			name = Debug;
		};
		3E25715D23E8AA4600B46A4C /* Release */ = {
			isa = XCBuildConfiguration;
			buildSettings = {
				CODE_SIGN_STYLE = Automatic;
				DEVELOPMENT_TEAM = UCL5625TDG;
				INFOPLIST_FILE = "$(SRCROOT)/HappinessCalculator/Resources/Info.plist";
				LD_RUNPATH_SEARCH_PATHS = (
					"$(inherited)",
					"@executable_path/Frameworks",
				);
				PRODUCT_BUNDLE_IDENTIFIER = com.TrevorWalker.NotificationPatternsJournal;
				PRODUCT_NAME = "$(TARGET_NAME)";
				SWIFT_VERSION = 5.0;
				TARGETED_DEVICE_FAMILY = "1,2";
			};
			name = Release;
		};
/* End XCBuildConfiguration section */

/* Begin XCConfigurationList section */
		3E25714223E8AA4200B46A4C /* Build configuration list for PBXProject "HappinessCalculator" */ = {
			isa = XCConfigurationList;
			buildConfigurations = (
				3E25715923E8AA4600B46A4C /* Debug */,
				3E25715A23E8AA4600B46A4C /* Release */,
			);
			defaultConfigurationIsVisible = 0;
			defaultConfigurationName = Release;
		};
		3E25715B23E8AA4600B46A4C /* Build configuration list for PBXNativeTarget "NotificationPatternsJournal" */ = {
			isa = XCConfigurationList;
			buildConfigurations = (
				3E25715C23E8AA4600B46A4C /* Debug */,
				3E25715D23E8AA4600B46A4C /* Release */,
			);
			defaultConfigurationIsVisible = 0;
			defaultConfigurationName = Release;
		};
/* End XCConfigurationList section */
	};
	rootObject = 3E25713F23E8AA4200B46A4C /* Project object */;
}
